
Microsoft Visual Studio Solution File, Format Version 12.00
# Visual Studio Version 17
VisualStudioVersion = 17.9.34728.123
MinimumVisualStudioVersion = 10.0.40219.1
Project("{8BC9CEB8-8B4A-11D0-8D11-00A0C91BC942}") = "1", "1.vcxproj", "{42F23B28-D913-495B-AA3B-3020B8D78F49}"
EndProject
Project("{2150E333-8FDC-42A3-9474-1A3956D46DE8}") = "ソリューション項目", "ソリューション項目", "{3E3343EA-F019-4F58-8721-D2673A19B644}"
	ProjectSection(SolutionItems) = preProject
		.editorconfig = .editorconfig
	EndProjectSection
EndProject
Project("{8BC9CEB8-8B4A-11D0-8D11-00A0C91BC942}") = "DirectXTex", "externals\DirectXTex\DirectXTex_Desktop_2022_Win10.vcxproj", "{371B9FA9-4C90-4AC6-A123-ACED756D6C77}"
EndProject
Global
	GlobalSection(SolutionConfigurationPlatforms) = preSolution
		Debug|x64 = Debug|x64
		Profile|x64 = Profile|x64
		Release|x64 = Release|x64
	EndGlobalSection
	GlobalSection(ProjectConfigurationPlatforms) = postSolution
		{42F23B28-D913-495B-AA3B-3020B8D78F49}.Debug|x64.ActiveCfg = Debug|x64
		{42F23B28-D913-495B-AA3B-3020B8D78F49}.Debug|x64.Build.0 = Debug|x64
		{42F23B28-D913-495B-AA3B-3020B8D78F49}.Profile|x64.ActiveCfg = Release|x64
		{42F23B28-D913-495B-AA3B-3020B8D78F49}.Profile|x64.Build.0 = Release|x64
		{42F23B28-D913-495B-AA3B-3020B8D78F49}.Release|x64.ActiveCfg = Release|x64
		{42F23B28-D913-495B-AA3B-3020B8D78F49}.Release|x64.Build.0 = Release|x64
		{371B9FA9-4C90-4AC6-A123-ACED756D6C77}.Debug|x64.ActiveCfg = Debug|x64
		{371B9FA9-4C90-4AC6-A123-ACED756D6C77}.Debug|x64.Build.0 = Debug|x64
		{371B9FA9-4C90-4AC6-A123-ACED756D6C77}.Profile|x64.ActiveCfg = Profile|x64
		{371B9FA9-4C90-4AC6-A123-ACED756D6C77}.Profile|x64.Build.0 = Profile|x64
		{371B9FA9-4C90-4AC6-A123-ACED756D6C77}.Release|x64.ActiveCfg = Release|x64
		{371B9FA9-4C90-4AC6-A123-ACED756D6C77}.Release|x64.Build.0 = Release|x64
	EndGlobalSection
	GlobalSection(SolutionProperties) = preSolution
		HideSolutionNode = FALSE
	EndGlobalSection
	GlobalSection(ExtensibilityGlobals) = postSolution
		SolutionGuid = {C7C19399-0286-4D1F-8AA7-535C51CFCDFB}
	EndGlobalSection
EndGlobal
